// !$*UTF8*$!
{
	archiveVersion = 1;
	classes = {
	};
	objectVersion = 50;
	objects = {

/* Begin PBXBuildFile section */
		5081AE9C22F1254D00BD5FA5 /* AppDelegate.m in Sources */ = {isa = PBXBuildFile; fileRef = 5081AE9B22F1254D00BD5FA5 /* AppDelegate.m */; };
		5081AE9F22F1254D00BD5FA5 /* ViewController.m in Sources */ = {isa = PBXBuildFile; fileRef = 5081AE9E22F1254D00BD5FA5 /* ViewController.m */; };
		5081AEA222F1254D00BD5FA5 /* Main.storyboard in Resources */ = {isa = PBXBuildFile; fileRef = 5081AEA022F1254D00BD5FA5 /* Main.storyboard */; };
		5081AEA422F1254F00BD5FA5 /* Assets.xcassets in Resources */ = {isa = PBXBuildFile; fileRef = 5081AEA322F1254F00BD5FA5 /* Assets.xcassets */; };
		5081AEA722F1254F00BD5FA5 /* LaunchScreen.storyboard in Resources */ = {isa = PBXBuildFile; fileRef = 5081AEA522F1254F00BD5FA5 /* LaunchScreen.storyboard */; };
		5081AEAA22F1254F00BD5FA5 /* main.m in Sources */ = {isa = PBXBuildFile; fileRef = 5081AEA922F1254F00BD5FA5 /* main.m */; };
		5081AEB422F1254F00BD5FA5 /* XYAlterControllerTests.m in Sources */ = {isa = PBXBuildFile; fileRef = 5081AEB322F1254F00BD5FA5 /* XYAlterControllerTests.m */; };
		5081AEBF22F1254F00BD5FA5 /* XYAlterControllerUITests.m in Sources */ = {isa = PBXBuildFile; fileRef = 5081AEBE22F1254F00BD5FA5 /* XYAlterControllerUITests.m */; };
		5081AED122F1257500BD5FA5 /* YSCustomAlterController.m in Sources */ = {isa = PBXBuildFile; fileRef = 5081AECD22F1257500BD5FA5 /* YSCustomAlterController.m */; };
		5081AED222F1257500BD5FA5 /* UIViewController+YSAlterController.m in Sources */ = {isa = PBXBuildFile; fileRef = 5081AECE22F1257500BD5FA5 /* UIViewController+YSAlterController.m */; };
/* End PBXBuildFile section */

/* Begin PBXContainerItemProxy section */
		5081AEB022F1254F00BD5FA5 /* PBXContainerItemProxy */ = {
			isa = PBXContainerItemProxy;
			containerPortal = 5081AE8F22F1254D00BD5FA5 /* Project object */;
			proxyType = 1;
			remoteGlobalIDString = 5081AE9622F1254D00BD5FA5;
			remoteInfo = XYAlterController;
		};
		5081AEBB22F1254F00BD5FA5 /* PBXContainerItemProxy */ = {
			isa = PBXContainerItemProxy;
			containerPortal = 5081AE8F22F1254D00BD5FA5 /* Project object */;
			proxyType = 1;
			remoteGlobalIDString = 5081AE9622F1254D00BD5FA5;
			remoteInfo = XYAlterController;
		};
/* End PBXContainerItemProxy section */

/* Begin PBXFileReference section */
		5081AE9722F1254D00BD5FA5 /* XYAlterController.app */ = {isa = PBXFileReference; explicitFileType = wrapper.application; includeInIndex = 0; path = XYAlterController.app; sourceTree = BUILT_PRODUCTS_DIR; };
		5081AE9A22F1254D00BD5FA5 /* AppDelegate.h */ = {isa = PBXFileReference; lastKnownFileType = sourcecode.c.h; path = AppDelegate.h; sourceTree = "<group>"; };
		5081AE9B22F1254D00BD5FA5 /* AppDelegate.m */ = {isa = PBXFileReference; lastKnownFileType = sourcecode.c.objc; path = AppDelegate.m; sourceTree = "<group>"; };
		5081AE9D22F1254D00BD5FA5 /* ViewController.h */ = {isa = PBXFileReference; lastKnownFileType = sourcecode.c.h; path = ViewController.h; sourceTree = "<group>"; };
		5081AE9E22F1254D00BD5FA5 /* ViewController.m */ = {isa = PBXFileReference; lastKnownFileType = sourcecode.c.objc; path = ViewController.m; sourceTree = "<group>"; };
		5081AEA122F1254D00BD5FA5 /* Base */ = {isa = PBXFileReference; lastKnownFileType = file.storyboard; name = Base; path = Base.lproj/Main.storyboard; sourceTree = "<group>"; };
		5081AEA322F1254F00BD5FA5 /* Assets.xcassets */ = {isa = PBXFileReference; lastKnownFileType = folder.assetcatalog; path = Assets.xcassets; sourceTree = "<group>"; };
		5081AEA622F1254F00BD5FA5 /* Base */ = {isa = PBXFileReference; lastKnownFileType = file.storyboard; name = Base; path = Base.lproj/LaunchScreen.storyboard; sourceTree = "<group>"; };
		5081AEA822F1254F00BD5FA5 /* Info.plist */ = {isa = PBXFileReference; lastKnownFileType = text.plist.xml; path = Info.plist; sourceTree = "<group>"; };
		5081AEA922F1254F00BD5FA5 /* main.m */ = {isa = PBXFileReference; lastKnownFileType = sourcecode.c.objc; path = main.m; sourceTree = "<group>"; };
		5081AEAF22F1254F00BD5FA5 /* XYAlterControllerTests.xctest */ = {isa = PBXFileReference; explicitFileType = wrapper.cfbundle; includeInIndex = 0; path = XYAlterControllerTests.xctest; sourceTree = BUILT_PRODUCTS_DIR; };
		5081AEB322F1254F00BD5FA5 /* XYAlterControllerTests.m */ = {isa = PBXFileReference; lastKnownFileType = sourcecode.c.objc; path = XYAlterControllerTests.m; sourceTree = "<group>"; };
		5081AEB522F1254F00BD5FA5 /* Info.plist */ = {isa = PBXFileReference; lastKnownFileType = text.plist.xml; path = Info.plist; sourceTree = "<group>"; };
		5081AEBA22F1254F00BD5FA5 /* XYAlterControllerUITests.xctest */ = {isa = PBXFileReference; explicitFileType = wrapper.cfbundle; includeInIndex = 0; path = XYAlterControllerUITests.xctest; sourceTree = BUILT_PRODUCTS_DIR; };
		5081AEBE22F1254F00BD5FA5 /* XYAlterControllerUITests.m */ = {isa = PBXFileReference; lastKnownFileType = sourcecode.c.objc; path = XYAlterControllerUITests.m; sourceTree = "<group>"; };
		5081AEC022F1254F00BD5FA5 /* Info.plist */ = {isa = PBXFileReference; lastKnownFileType = text.plist.xml; path = Info.plist; sourceTree = "<group>"; };
		5081AECD22F1257500BD5FA5 /* YSCustomAlterController.m */ = {isa = PBXFileReference; fileEncoding = 4; lastKnownFileType = sourcecode.c.objc; path = YSCustomAlterController.m; sourceTree = "<group>"; };
		5081AECE22F1257500BD5FA5 /* UIViewController+YSAlterController.m */ = {isa = PBXFileReference; fileEncoding = 4; lastKnownFileType = sourcecode.c.objc; path = "UIViewController+YSAlterController.m"; sourceTree = "<group>"; };
		5081AECF22F1257500BD5FA5 /* YSCustomAlterController.h */ = {isa = PBXFileReference; fileEncoding = 4; lastKnownFileType = sourcecode.c.h; path = YSCustomAlterController.h; sourceTree = "<group>"; };
		5081AED022F1257500BD5FA5 /* UIViewController+YSAlterController.h */ = {isa = PBXFileReference; fileEncoding = 4; lastKnownFileType = sourcecode.c.h; path = "UIViewController+YSAlterController.h"; sourceTree = "<group>"; };
/* End PBXFileReference section */

/* Begin PBXFrameworksBuildPhase section */
		5081AE9422F1254D00BD5FA5 /* Frameworks */ = {
			isa = PBXFrameworksBuildPhase;
			buildActionMask = 2147483647;
			files = (
			);
			runOnlyForDeploymentPostprocessing = 0;
		};
		5081AEAC22F1254F00BD5FA5 /* Frameworks */ = {
			isa = PBXFrameworksBuildPhase;
			buildActionMask = 2147483647;
			files = (
			);
			runOnlyForDeploymentPostprocessing = 0;
		};
		5081AEB722F1254F00BD5FA5 /* Frameworks */ = {
			isa = PBXFrameworksBuildPhase;
			buildActionMask = 2147483647;
			files = (
			);
			runOnlyForDeploymentPostprocessing = 0;
		};
/* End PBXFrameworksBuildPhase section */

/* Begin PBXGroup section */
		5081AE8E22F1254D00BD5FA5 = {
			isa = PBXGroup;
			children = (
				5081AE9922F1254D00BD5FA5 /* XYAlterController */,
				5081AEB222F1254F00BD5FA5 /* XYAlterControllerTests */,
				5081AEBD22F1254F00BD5FA5 /* XYAlterControllerUITests */,
				5081AE9822F1254D00BD5FA5 /* Products */,
			);
			sourceTree = "<group>";
		};
		5081AE9822F1254D00BD5FA5 /* Products */ = {
			isa = PBXGroup;
			children = (
				5081AE9722F1254D00BD5FA5 /* XYAlterController.app */,
				5081AEAF22F1254F00BD5FA5 /* XYAlterControllerTests.xctest */,
				5081AEBA22F1254F00BD5FA5 /* XYAlterControllerUITests.xctest */,
			);
			name = Products;
			sourceTree = "<group>";
		};
		5081AE9922F1254D00BD5FA5 /* XYAlterController */ = {
			isa = PBXGroup;
			children = (
				5081AECC22F1257500BD5FA5 /* AlertController */,
				5081AE9A22F1254D00BD5FA5 /* AppDelegate.h */,
				5081AE9B22F1254D00BD5FA5 /* AppDelegate.m */,
				5081AE9D22F1254D00BD5FA5 /* ViewController.h */,
				5081AE9E22F1254D00BD5FA5 /* ViewController.m */,
				5081AEA022F1254D00BD5FA5 /* Main.storyboard */,
				5081AEA322F1254F00BD5FA5 /* Assets.xcassets */,
				5081AEA522F1254F00BD5FA5 /* LaunchScreen.storyboard */,
				5081AEA822F1254F00BD5FA5 /* Info.plist */,
				5081AEA922F1254F00BD5FA5 /* main.m */,
			);
			path = XYAlterController;
			sourceTree = "<group>";
		};
		5081AEB222F1254F00BD5FA5 /* XYAlterControllerTests */ = {
			isa = PBXGroup;
			children = (
				5081AEB322F1254F00BD5FA5 /* XYAlterControllerTests.m */,
				5081AEB522F1254F00BD5FA5 /* Info.plist */,
			);
			path = XYAlterControllerTests;
			sourceTree = "<group>";
		};
		5081AEBD22F1254F00BD5FA5 /* XYAlterControllerUITests */ = {
			isa = PBXGroup;
			children = (
				5081AEBE22F1254F00BD5FA5 /* XYAlterControllerUITests.m */,
				5081AEC022F1254F00BD5FA5 /* Info.plist */,
			);
			path = XYAlterControllerUITests;
			sourceTree = "<group>";
		};
		5081AECC22F1257500BD5FA5 /* AlertController */ = {
			isa = PBXGroup;
			children = (
				5081AECD22F1257500BD5FA5 /* YSCustomAlterController.m */,
				5081AECE22F1257500BD5FA5 /* UIViewController+YSAlterController.m */,
				5081AECF22F1257500BD5FA5 /* YSCustomAlterController.h */,
				5081AED022F1257500BD5FA5 /* UIViewController+YSAlterController.h */,
			);
			path = AlertController;
			sourceTree = "<group>";
		};
/* End PBXGroup section */

/* Begin PBXNativeTarget section */
		5081AE9622F1254D00BD5FA5 /* XYAlterController */ = {
			isa = PBXNativeTarget;
			buildConfigurationList = 5081AEC322F1254F00BD5FA5 /* Build configuration list for PBXNativeTarget "XYAlterController" */;
			buildPhases = (
				5081AE9322F1254D00BD5FA5 /* Sources */,
				5081AE9422F1254D00BD5FA5 /* Frameworks */,
				5081AE9522F1254D00BD5FA5 /* Resources */,
			);
			buildRules = (
			);
			dependencies = (
			);
			name = XYAlterController;
			productName = XYAlterController;
			productReference = 5081AE9722F1254D00BD5FA5 /* XYAlterController.app */;
			productType = "com.apple.product-type.application";
		};
		5081AEAE22F1254F00BD5FA5 /* XYAlterControllerTests */ = {
			isa = PBXNativeTarget;
			buildConfigurationList = 5081AEC622F1254F00BD5FA5 /* Build configuration list for PBXNativeTarget "XYAlterControllerTests" */;
			buildPhases = (
				5081AEAB22F1254F00BD5FA5 /* Sources */,
				5081AEAC22F1254F00BD5FA5 /* Frameworks */,
				5081AEAD22F1254F00BD5FA5 /* Resources */,
			);
			buildRules = (
			);
			dependencies = (
				5081AEB122F1254F00BD5FA5 /* PBXTargetDependency */,
			);
			name = XYAlterControllerTests;
			productName = XYAlterControllerTests;
			productReference = 5081AEAF22F1254F00BD5FA5 /* XYAlterControllerTests.xctest */;
			productType = "com.apple.product-type.bundle.unit-test";
		};
		5081AEB922F1254F00BD5FA5 /* XYAlterControllerUITests */ = {
			isa = PBXNativeTarget;
			buildConfigurationList = 5081AEC922F1254F00BD5FA5 /* Build configuration list for PBXNativeTarget "XYAlterControllerUITests" */;
			buildPhases = (
				5081AEB622F1254F00BD5FA5 /* Sources */,
				5081AEB722F1254F00BD5FA5 /* Frameworks */,
				5081AEB822F1254F00BD5FA5 /* Resources */,
			);
			buildRules = (
			);
			dependencies = (
				5081AEBC22F1254F00BD5FA5 /* PBXTargetDependency */,
			);
			name = XYAlterControllerUITests;
			productName = XYAlterControllerUITests;
			productReference = 5081AEBA22F1254F00BD5FA5 /* XYAlterControllerUITests.xctest */;
			productType = "com.apple.product-type.bundle.ui-testing";
		};
/* End PBXNativeTarget section */

/* Begin PBXProject section */
		5081AE8F22F1254D00BD5FA5 /* Project object */ = {
			isa = PBXProject;
			attributes = {
				LastUpgradeCheck = 1030;
				ORGANIZATIONNAME = liuxy;
				TargetAttributes = {
					5081AE9622F1254D00BD5FA5 = {
						CreatedOnToolsVersion = 10.3;
					};
					5081AEAE22F1254F00BD5FA5 = {
						CreatedOnToolsVersion = 10.3;
						TestTargetID = 5081AE9622F1254D00BD5FA5;
					};
					5081AEB922F1254F00BD5FA5 = {
						CreatedOnToolsVersion = 10.3;
						TestTargetID = 5081AE9622F1254D00BD5FA5;
					};
				};
			};
			buildConfigurationList = 5081AE9222F1254D00BD5FA5 /* Build configuration list for PBXProject "XYAlterController" */;
			compatibilityVersion = "Xcode 9.3";
			developmentRegion = en;
			hasScannedForEncodings = 0;
			knownRegions = (
				en,
				Base,
			);
			mainGroup = 5081AE8E22F1254D00BD5FA5;
			productRefGroup = 5081AE9822F1254D00BD5FA5 /* Products */;
			projectDirPath = "";
			projectRoot = "";
			targets = (
				5081AE9622F1254D00BD5FA5 /* XYAlterController */,
				5081AEAE22F1254F00BD5FA5 /* XYAlterControllerTests */,
				5081AEB922F1254F00BD5FA5 /* XYAlterControllerUITests */,
			);
		};
/* End PBXProject section */

/* Begin PBXResourcesBuildPhase section */
		5081AE9522F1254D00BD5FA5 /* Resources */ = {
			isa = PBXResourcesBuildPhase;
			buildActionMask = 2147483647;
			files = (
				5081AEA722F1254F00BD5FA5 /* LaunchScreen.storyboard in Resources */,
				5081AEA422F1254F00BD5FA5 /* Assets.xcassets in Resources */,
				5081AEA222F1254D00BD5FA5 /* Main.storyboard in Resources */,
			);
			runOnlyForDeploymentPostprocessing = 0;
		};
		5081AEAD22F1254F00BD5FA5 /* Resources */ = {
			isa = PBXResourcesBuildPhase;
			buildActionMask = 2147483647;
			files = (
			);
			runOnlyForDeploymentPostprocessing = 0;
		};
		5081AEB822F1254F00BD5FA5 /* Resources */ = {
			isa = PBXResourcesBuildPhase;
			buildActionMask = 2147483647;
			files = (
			);
			runOnlyForDeploymentPostprocessing = 0;
		};
/* End PBXResourcesBuildPhase section */

/* Begin PBXSourcesBuildPhase section */
		5081AE9322F1254D00BD5FA5 /* Sources */ = {
			isa = PBXSourcesBuildPhase;
			buildActionMask = 2147483647;
			files = (
				5081AE9F22F1254D00BD5FA5 /* ViewController.m in Sources */,
				5081AED222F1257500BD5FA5 /* UIViewController+YSAlterController.m in Sources */,
				5081AEAA22F1254F00BD5FA5 /* main.m in Sources */,
				5081AE9C22F1254D00BD5FA5 /* AppDelegate.m in Sources */,
				5081AED122F1257500BD5FA5 /* YSCustomAlterController.m in Sources */,
			);
			runOnlyForDeploymentPostprocessing = 0;
		};
		5081AEAB22F1254F00BD5FA5 /* Sources */ = {
			isa = PBXSourcesBuildPhase;
			buildActionMask = 2147483647;
			files = (
				5081AEB422F1254F00BD5FA5 /* XYAlterControllerTests.m in Sources */,
			);
			runOnlyForDeploymentPostprocessing = 0;
		};
		5081AEB622F1254F00BD5FA5 /* Sources */ = {
			isa = PBXSourcesBuildPhase;
			buildActionMask = 2147483647;
			files = (
				5081AEBF22F1254F00BD5FA5 /* XYAlterControllerUITests.m in Sources */,
			);
			runOnlyForDeploymentPostprocessing = 0;
		};
/* End PBXSourcesBuildPhase section */

/* Begin PBXTargetDependency section */
		5081AEB122F1254F00BD5FA5 /* PBXTargetDependency */ = {
			isa = PBXTargetDependency;
			target = 5081AE9622F1254D00BD5FA5 /* XYAlterController */;
			targetProxy = 5081AEB022F1254F00BD5FA5 /* PBXContainerItemProxy */;
		};
		5081AEBC22F1254F00BD5FA5 /* PBXTargetDependency */ = {
			isa = PBXTargetDependency;
			target = 5081AE9622F1254D00BD5FA5 /* XYAlterController */;
			targetProxy = 5081AEBB22F1254F00BD5FA5 /* PBXContainerItemProxy */;
		};
/* End PBXTargetDependency section */

/* Begin PBXVariantGroup section */
		5081AEA022F1254D00BD5FA5 /* Main.storyboard */ = {
			isa = PBXVariantGroup;
			children = (
				5081AEA122F1254D00BD5FA5 /* Base */,
			);
			name = Main.storyboard;
			sourceTree = "<group>";
		};
		5081AEA522F1254F00BD5FA5 /* LaunchScreen.storyboard */ = {
			isa = PBXVariantGroup;
			children = (
				5081AEA622F1254F00BD5FA5 /* Base */,
			);
			name = LaunchScreen.storyboard;
			sourceTree = "<group>";
		};
/* End PBXVariantGroup section */

/* Begin XCBuildConfiguration section */
		5081AEC122F1254F00BD5FA5 /* Debug */ = {
			isa = XCBuildConfiguration;
			buildSettings = {
				ALWAYS_SEARCH_USER_PATHS = NO;
				CLANG_ANALYZER_NONNULL = YES;
				CLANG_ANALYZER_NUMBER_OBJECT_CONVERSION = YES_AGGRESSIVE;
				CLANG_CXX_LANGUAGE_STANDARD = "gnu++14";
				CLANG_CXX_LIBRARY = "libc++";
				CLANG_ENABLE_MODULES = YES;
				CLANG_ENABLE_OBJC_ARC = YES;
				CLANG_ENABLE_OBJC_WEAK = YES;
				CLANG_WARN_BLOCK_CAPTURE_AUTORELEASING = YES;
				CLANG_WARN_BOOL_CONVERSION = YES;
				CLANG_WARN_COMMA = YES;
				CLANG_WARN_CONSTANT_CONVERSION = YES;
				CLANG_WARN_DEPRECATED_OBJC_IMPLEMENTATIONS = YES;
				CLANG_WARN_DIRECT_OBJC_ISA_USAGE = YES_ERROR;
				CLANG_WARN_DOCUMENTATION_COMMENTS = YES;
				CLANG_WARN_EMPTY_BODY = YES;
				CLANG_WARN_ENUM_CONVERSION = YES;
				CLANG_WARN_INFINITE_RECURSION = YES;
				CLANG_WARN_INT_CONVERSION = YES;
				CLANG_WARN_NON_LITERAL_NULL_CONVERSION = YES;
				CLANG_WARN_OBJC_IMPLICIT_RETAIN_SELF = YES;
				CLANG_WARN_OBJC_LITERAL_CONVERSION = YES;
				CLANG_WARN_OBJC_ROOT_CLASS = YES_ERROR;
				CLANG_WARN_RANGE_LOOP_ANALYSIS = YES;
				CLANG_WARN_STRICT_PROTOTYPES = YES;
				CLANG_WARN_SUSPICIOUS_MOVE = YES;
				CLANG_WARN_UNGUARDED_AVAILABILITY = YES_AGGRESSIVE;
				CLANG_WARN_UNREACHABLE_CODE = YES;
				CLANG_WARN__DUPLICATE_METHOD_MATCH = YES;
				CODE_SIGN_IDENTITY = "iPhone Developer";
				COPY_PHASE_STRIP = NO;
				DEBUG_INFORMATION_FORMAT = dwarf;
				ENABLE_STRICT_OBJC_MSGSEND = YES;
				ENABLE_TESTABILITY = YES;
				GCC_C_LANGUAGE_STANDARD = gnu11;
				GCC_DYNAMIC_NO_PIC = NO;
				GCC_NO_COMMON_BLOCKS = YES;
				GCC_OPTIMIZATION_LEVEL = 0;
				GCC_PREPROCESSOR_DEFINITIONS = (
					"DEBUG=1",
					"$(inherited)",
				);
				GCC_WARN_64_TO_32_BIT_CONVERSION = YES;
				GCC_WARN_ABOUT_RETURN_TYPE = YES_ERROR;
				GCC_WARN_UNDECLARED_SELECTOR = YES;
				GCC_WARN_UNINITIALIZED_AUTOS = YES_AGGRESSIVE;
				GCC_WARN_UNUSED_FUNCTION = YES;
				GCC_WARN_UNUSED_VARIABLE = YES;
				IPHONEOS_DEPLOYMENT_TARGET = 12.4;
				MTL_ENABLE_DEBUG_INFO = INCLUDE_SOURCE;
				MTL_FAST_MATH = YES;
				ONLY_ACTIVE_ARCH = YES;
				SDKROOT = iphoneos;
			};
			name = Debug;
		};
		5081AEC222F1254F00BD5FA5 /* Release */ = {
			isa = XCBuildConfiguration;
			buildSettings = {
				ALWAYS_SEARCH_USER_PATHS = NO;
				CLANG_ANALYZER_NONNULL = YES;
				CLANG_ANALYZER_NUMBER_OBJECT_CONVERSION = YES_AGGRESSIVE;
				CLANG_CXX_LANGUAGE_STANDARD = "gnu++14";
				CLANG_CXX_LIBRARY = "libc++";
				CLANG_ENABLE_MODULES = YES;
				CLANG_ENABLE_OBJC_ARC = YES;
				CLANG_ENABLE_OBJC_WEAK = YES;
				CLANG_WARN_BLOCK_CAPTURE_AUTORELEASING = YES;
				CLANG_WARN_BOOL_CONVERSION = YES;
				CLANG_WARN_COMMA = YES;
				CLANG_WARN_CONSTANT_CONVERSION = YES;
				CLANG_WARN_DEPRECATED_OBJC_IMPLEMENTATIONS = YES;
				CLANG_WARN_DIRECT_OBJC_ISA_USAGE = YES_ERROR;
				CLANG_WARN_DOCUMENTATION_COMMENTS = YES;
				CLANG_WARN_EMPTY_BODY = YES;
				CLANG_WARN_ENUM_CONVERSION = YES;
				CLANG_WARN_INFINITE_RECURSION = YES;
				CLANG_WARN_INT_CONVERSION = YES;
				CLANG_WARN_NON_LITERAL_NULL_CONVERSION = YES;
				CLANG_WARN_OBJC_IMPLICIT_RETAIN_SELF = YES;
				CLANG_WARN_OBJC_LITERAL_CONVERSION = YES;
				CLANG_WARN_OBJC_ROOT_CLASS = YES_ERROR;
				CLANG_WARN_RANGE_LOOP_ANALYSIS = YES;
				CLANG_WARN_STRICT_PROTOTYPES = YES;
				CLANG_WARN_SUSPICIOUS_MOVE = YES;
				CLANG_WARN_UNGUARDED_AVAILABILITY = YES_AGGRESSIVE;
				CLANG_WARN_UNREACHABLE_CODE = YES;
				CLANG_WARN__DUPLICATE_METHOD_MATCH = YES;
				CODE_SIGN_IDENTITY = "iPhone Developer";
				COPY_PHASE_STRIP = NO;
				DEBUG_INFORMATION_FORMAT = "dwarf-with-dsym";
				ENABLE_NS_ASSERTIONS = NO;
				ENABLE_STRICT_OBJC_MSGSEND = YES;
				GCC_C_LANGUAGE_STANDARD = gnu11;
				GCC_NO_COMMON_BLOCKS = YES;
				GCC_WARN_64_TO_32_BIT_CONVERSION = YES;
				GCC_WARN_ABOUT_RETURN_TYPE = YES_ERROR;
				GCC_WARN_UNDECLARED_SELECTOR = YES;
				GCC_WARN_UNINITIALIZED_AUTOS = YES_AGGRESSIVE;
				GCC_WARN_UNUSED_FUNCTION = YES;
				GCC_WARN_UNUSED_VARIABLE = YES;
				IPHONEOS_DEPLOYMENT_TARGET = 12.4;
				MTL_ENABLE_DEBUG_INFO = NO;
				MTL_FAST_MATH = YES;
				SDKROOT = iphoneos;
				VALIDATE_PRODUCT = YES;
			};
			name = Release;
		};
		5081AEC422F1254F00BD5FA5 /* Debug */ = {
			isa = XCBuildConfiguration;
			buildSettings = {
				ASSETCATALOG_COMPILER_APPICON_NAME = AppIcon;
				CODE_SIGN_STYLE = Automatic;
				INFOPLIST_FILE = XYAlterController/Info.plist;
				LD_RUNPATH_SEARCH_PATHS = (
					"$(inherited)",
					"@executable_path/Frameworks",
				);
				PRODUCT_BUNDLE_IDENTIFIER = com.KindLink.XYAlterController;
				PRODUCT_NAME = "$(TARGET_NAME)";
				TARGETED_DEVICE_FAMILY = "1,2";
			};
			name = Debug;
		};
		5081AEC522F1254F00BD5FA5 /* Release */ = {
			isa = XCBuildConfiguration;
			buildSettings = {
				ASSETCATALOG_COMPILER_APPICON_NAME = AppIcon;
				CODE_SIGN_STYLE = Automatic;
				INFOPLIST_FILE = XYAlterController/Info.plist;
				LD_RUNPATH_SEARCH_PATHS = (
					"$(inherited)",
					"@executable_path/Frameworks",
				);
				PRODUCT_BUNDLE_IDENTIFIER = com.KindLink.XYAlterController;
				PRODUCT_NAME = "$(TARGET_NAME)";
				TARGETED_DEVICE_FAMILY = "1,2";
			};
			name = Release;
		};
		5081AEC722F1254F00BD5FA5 /* Debug */ = {
			isa = XCBuildConfiguration;
			buildSettings = {
				BUNDLE_LOADER = "$(TEST_HOST)";
				CODE_SIGN_STYLE = Automatic;
				INFOPLIST_FILE = XYAlterControllerTests/Info.plist;
				LD_RUNPATH_SEARCH_PATHS = (
					"$(inherited)",
					"@executable_path/Frameworks",
					"@loader_path/Frameworks",
				);
				PRODUCT_BUNDLE_IDENTIFIER = com.KindLink.XYAlterControllerTests;
				PRODUCT_NAME = "$(TARGET_NAME)";
				TARGETED_DEVICE_FAMILY = "1,2";
				TEST_HOST = "$(BUILT_PRODUCTS_DIR)/XYAlterController.app/XYAlterController";
			};
			name = Debug;
		};
		5081AEC822F1254F00BD5FA5 /* Release */ = {
			isa = XCBuildConfiguration;
			buildSettings = {
				BUNDLE_LOADER = "$(TEST_HOST)";
				CODE_SIGN_STYLE = Automatic;
				INFOPLIST_FILE = XYAlterControllerTests/Info.plist;
				LD_RUNPATH_SEARCH_PATHS = (
					"$(inherited)",
					"@executable_path/Frameworks",
					"@loader_path/Frameworks",
				);
				PRODUCT_BUNDLE_IDENTIFIER = com.KindLink.XYAlterControllerTests;
				PRODUCT_NAME = "$(TARGET_NAME)";
				TARGETED_DEVICE_FAMILY = "1,2";
				TEST_HOST = "$(BUILT_PRODUCTS_DIR)/XYAlterController.app/XYAlterController";
			};
			name = Release;
		};
		5081AECA22F1254F00BD5FA5 /* Debug */ = {
			isa = XCBuildConfiguration;
			buildSettings = {
				CODE_SIGN_STYLE = Automatic;
				INFOPLIST_FILE = XYAlterControllerUITests/Info.plist;
				LD_RUNPATH_SEARCH_PATHS = (
					"$(inherited)",
					"@executable_path/Frameworks",
					"@loader_path/Frameworks",
				);
				PRODUCT_BUNDLE_IDENTIFIER = com.KindLink.XYAlterControllerUITests;
				PRODUCT_NAME = "$(TARGET_NAME)";
				TARGETED_DEVICE_FAMILY = "1,2";
				TEST_TARGET_NAME = XYAlterController;
			};
			name = Debug;
		};
		5081AECB22F1254F00BD5FA5 /* Release */ = {
			isa = XCBuildConfiguration;
			buildSettings = {
				CODE_SIGN_STYLE = Automatic;
				INFOPLIST_FILE = XYAlterControllerUITests/Info.plist;
				LD_RUNPATH_SEARCH_PATHS = (
					"$(inherited)",
					"@executable_path/Frameworks",
					"@loader_path/Frameworks",
				);
				PRODUCT_BUNDLE_IDENTIFIER = com.KindLink.XYAlterControllerUITests;
				PRODUCT_NAME = "$(TARGET_NAME)";
				TARGETED_DEVICE_FAMILY = "1,2";
				TEST_TARGET_NAME = XYAlterController;
			};
			name = Release;
		};
/* End XCBuildConfiguration section */

/* Begin XCConfigurationList section */
		5081AE9222F1254D00BD5FA5 /* Build configuration list for PBXProject "XYAlterController" */ = {
			isa = XCConfigurationList;
			buildConfigurations = (
				5081AEC122F1254F00BD5FA5 /* Debug */,
				5081AEC222F1254F00BD5FA5 /* Release */,
			);
			defaultConfigurationIsVisible = 0;
			defaultConfigurationName = Release;
		};
		5081AEC322F1254F00BD5FA5 /* Build configuration list for PBXNativeTarget "XYAlterController" */ = {
			isa = XCConfigurationList;
			buildConfigurations = (
				5081AEC422F1254F00BD5FA5 /* Debug */,
				5081AEC522F1254F00BD5FA5 /* Release */,
			);
			defaultConfigurationIsVisible = 0;
			defaultConfigurationName = Release;
		};
		5081AEC622F1254F00BD5FA5 /* Build configuration list for PBXNativeTarget "XYAlterControllerTests" */ = {
			isa = XCConfigurationList;
			buildConfigurations = (
				5081AEC722F1254F00BD5FA5 /* Debug */,
				5081AEC822F1254F00BD5FA5 /* Release */,
			);
			defaultConfigurationIsVisible = 0;
			defaultConfigurationName = Release;
		};
		5081AEC922F1254F00BD5FA5 /* Build configuration list for PBXNativeTarget "XYAlterControllerUITests" */ = {
			isa = XCConfigurationList;
			buildConfigurations = (
				5081AECA22F1254F00BD5FA5 /* Debug */,
				5081AECB22F1254F00BD5FA5 /* Release */,
			);
			defaultConfigurationIsVisible = 0;
			defaultConfigurationName = Release;
		};
/* End XCConfigurationList section */
	};
	rootObject = 5081AE8F22F1254D00BD5FA5 /* Project object */;
}
